
Microsoft Visual Studio Solution File, Format Version 12.00
# Visual Studio Version 17
VisualStudioVersion = 17.0.31903.59
MinimumVisualStudioVersion = 10.0.40219.1
Project("{2150E333-8FDC-42A3-9474-1A3956D46DE8}") = "src", "src", "{DD90F3CB-0C58-4CBD-B95A-B9252E217662}"
EndProject
Project("{2150E333-8FDC-42A3-9474-1A3956D46DE8}") = "tests", "tests", "{DD4C4422-86F1-41C7-9D56-0E32E47D628E}"
EndProject
Project("{2150E333-8FDC-42A3-9474-1A3956D46DE8}") = "Application", "Application", "{7E61592F-C0C3-484F-99FE-63DC8AF52EEB}"
EndProject
Project("{2150E333-8FDC-42A3-9474-1A3956D46DE8}") = "Domain", "Domain", "{CF610471-019F-41EA-9A6B-9D9C8EA4371B}"
EndProject
Project("{2150E333-8FDC-42A3-9474-1A3956D46DE8}") = "Infrastructure", "Infrastructure", "{AA426F86-898D-4ECA-9FBD-5DD6AEE46DBF}"
EndProject
Project("{9A19103F-16F7-4668-BE54-9A1E7A4F7556}") = "Domain", "Domain\Domain.csproj", "{272F35D4-FC5B-4950-8100-2433AE77B05B}"
EndProject
Project("{9A19103F-16F7-4668-BE54-9A1E7A4F7556}") = "Application", "Application\Application.csproj", "{79E98D01-9A7C-43FF-9F3F-3A8700A4E9F7}"
EndProject
Project("{9A19103F-16F7-4668-BE54-9A1E7A4F7556}") = "Infrastructure", "Infrastructure\Infrastructure.csproj", "{276679D6-F1E7-42F1-971F-6A3A56754EEB}"
EndProject
Project("{2150E333-8FDC-42A3-9474-1A3956D46DE8}") = "WebUI", "WebUI", "{FE8747EF-CF72-4C2C-BBA6-1F55F9AB57F8}"
EndProject
Project("{9A19103F-16F7-4668-BE54-9A1E7A4F7556}") = "WebUI", "WebUI\WebUI.csproj", "{D27B605B-AB5B-4FEE-A802-BEBDEE0F2114}"
EndProject
Project("{9A19103F-16F7-4668-BE54-9A1E7A4F7556}") = "WebApplication1", "WebApplication1\WebApplication1.csproj", "{D032D9B8-CAB9-41CE-BF98-F8D01A20A065}"
EndProject
Global
	GlobalSection(SolutionConfigurationPlatforms) = preSolution
		Debug|Any CPU = Debug|Any CPU
		Release|Any CPU = Release|Any CPU
	EndGlobalSection
	GlobalSection(ProjectConfigurationPlatforms) = postSolution
		{272F35D4-FC5B-4950-8100-2433AE77B05B}.Debug|Any CPU.ActiveCfg = Debug|Any CPU
		{272F35D4-FC5B-4950-8100-2433AE77B05B}.Debug|Any CPU.Build.0 = Debug|Any CPU
		{272F35D4-FC5B-4950-8100-2433AE77B05B}.Release|Any CPU.ActiveCfg = Release|Any CPU
		{272F35D4-FC5B-4950-8100-2433AE77B05B}.Release|Any CPU.Build.0 = Release|Any CPU
		{79E98D01-9A7C-43FF-9F3F-3A8700A4E9F7}.Debug|Any CPU.ActiveCfg = Debug|Any CPU
		{79E98D01-9A7C-43FF-9F3F-3A8700A4E9F7}.Debug|Any CPU.Build.0 = Debug|Any CPU
		{79E98D01-9A7C-43FF-9F3F-3A8700A4E9F7}.Release|Any CPU.ActiveCfg = Release|Any CPU
		{79E98D01-9A7C-43FF-9F3F-3A8700A4E9F7}.Release|Any CPU.Build.0 = Release|Any CPU
		{276679D6-F1E7-42F1-971F-6A3A56754EEB}.Debug|Any CPU.ActiveCfg = Debug|Any CPU
		{276679D6-F1E7-42F1-971F-6A3A56754EEB}.Debug|Any CPU.Build.0 = Debug|Any CPU
		{276679D6-F1E7-42F1-971F-6A3A56754EEB}.Release|Any CPU.ActiveCfg = Release|Any CPU
		{276679D6-F1E7-42F1-971F-6A3A56754EEB}.Release|Any CPU.Build.0 = Release|Any CPU
		{D27B605B-AB5B-4FEE-A802-BEBDEE0F2114}.Debug|Any CPU.ActiveCfg = Debug|Any CPU
		{D27B605B-AB5B-4FEE-A802-BEBDEE0F2114}.Debug|Any CPU.Build.0 = Debug|Any CPU
		{D27B605B-AB5B-4FEE-A802-BEBDEE0F2114}.Release|Any CPU.ActiveCfg = Release|Any CPU
		{D27B605B-AB5B-4FEE-A802-BEBDEE0F2114}.Release|Any CPU.Build.0 = Release|Any CPU
		{D032D9B8-CAB9-41CE-BF98-F8D01A20A065}.Debug|Any CPU.ActiveCfg = Debug|Any CPU
		{D032D9B8-CAB9-41CE-BF98-F8D01A20A065}.Debug|Any CPU.Build.0 = Debug|Any CPU
		{D032D9B8-CAB9-41CE-BF98-F8D01A20A065}.Release|Any CPU.ActiveCfg = Release|Any CPU
		{D032D9B8-CAB9-41CE-BF98-F8D01A20A065}.Release|Any CPU.Build.0 = Release|Any CPU
	EndGlobalSection
	GlobalSection(SolutionProperties) = preSolution
		HideSolutionNode = FALSE
	EndGlobalSection
	GlobalSection(NestedProjects) = preSolution
		{7E61592F-C0C3-484F-99FE-63DC8AF52EEB} = {DD90F3CB-0C58-4CBD-B95A-B9252E217662}
		{CF610471-019F-41EA-9A6B-9D9C8EA4371B} = {DD90F3CB-0C58-4CBD-B95A-B9252E217662}
		{AA426F86-898D-4ECA-9FBD-5DD6AEE46DBF} = {DD90F3CB-0C58-4CBD-B95A-B9252E217662}
		{272F35D4-FC5B-4950-8100-2433AE77B05B} = {CF610471-019F-41EA-9A6B-9D9C8EA4371B}
		{79E98D01-9A7C-43FF-9F3F-3A8700A4E9F7} = {7E61592F-C0C3-484F-99FE-63DC8AF52EEB}
		{276679D6-F1E7-42F1-971F-6A3A56754EEB} = {AA426F86-898D-4ECA-9FBD-5DD6AEE46DBF}
		{FE8747EF-CF72-4C2C-BBA6-1F55F9AB57F8} = {DD90F3CB-0C58-4CBD-B95A-B9252E217662}
		{D27B605B-AB5B-4FEE-A802-BEBDEE0F2114} = {FE8747EF-CF72-4C2C-BBA6-1F55F9AB57F8}
		{D032D9B8-CAB9-41CE-BF98-F8D01A20A065} = {DD4C4422-86F1-41C7-9D56-0E32E47D628E}
	EndGlobalSection
	GlobalSection(ExtensibilityGlobals) = postSolution
		SolutionGuid = {FC1FC0EA-199A-481A-9C27-4185BC3D2A31}
	EndGlobalSection
EndGlobal
